{
  "name": "crazy-image",
  "version": "1.0.0",
  "lockfileVersion": 1,
  "requires": true,
  "dependencies": {
    "electron-screenshot": {
      "version": "1.0.5",
      "resolved": "https://registry.npmjs.org/electron-screenshot/-/electron-screenshot-1.0.5.tgz",
      "integrity": "sha512-nTLZZ8urMraLwL0KYb5dz2o76cRPx+6WBQ0sOujqqfcUe1k/alj0UoLPmQpFs8VuIccF4K7ZNpeK95h0ob8p6Q=="
    },
    "image-size": {
      "version": "0.7.4",
      "resolved": "https://registry.npmjs.org/image-size/-/image-size-0.7.4.tgz",
      "integrity": "sha512-GqPgxs+VkOr12aWwjSkyRzf5atzObWpFtiRuDgxCl2I/SDpZOKZFRD3iIAeAN6/usmn8SeLWRt7a8JRYK0Whbw=="
    }
  }
}
